
Microsoft Visual Studio Solution File, Format Version 12.00
# Visual Studio Version 17
VisualStudioVersion = 17.5.002.0
MinimumVisualStudioVersion = 10.0.40219.1
Project("{9A19103F-16F7-4668-BE54-9A1E7A4F7556}") = "BlazorPos", "BlazorPos.csproj", "{50764E5D-0607-4896-9AFC-2E00DBF832ED}"
EndProject
Global
	GlobalSection(SolutionConfigurationPlatforms) = preSolution
		Debug|Any CPU = Debug|Any CPU
		Release|Any CPU = Release|Any CPU
	EndGlobalSection
	GlobalSection(ProjectConfigurationPlatforms) = postSolution
		{50764E5D-0607-4896-9AFC-2E00DBF832ED}.Debug|Any CPU.ActiveCfg = Debug|Any CPU
		{50764E5D-0607-4896-9AFC-2E00DBF832ED}.Debug|Any CPU.Build.0 = Debug|Any CPU
		{50764E5D-0607-4896-9AFC-2E00DBF832ED}.Release|Any CPU.ActiveCfg = Release|Any CPU
		{50764E5D-0607-4896-9AFC-2E00DBF832ED}.Release|Any CPU.Build.0 = Release|Any CPU
	EndGlobalSection
	GlobalSection(SolutionProperties) = preSolution
		HideSolutionNode = FALSE
	EndGlobalSection
	GlobalSection(ExtensibilityGlobals) = postSolution
		SolutionGuid = {5EECCFC8-6836-4105-9EB9-40C474E3699E}
	EndGlobalSection
EndGlobal
